
Microsoft Visual Studio Solution File, Format Version 12.00
# Visual Studio Version 17
VisualStudioVersion = 17.5.33530.505
MinimumVisualStudioVersion = 10.0.40219.1
Project("{9A19103F-16F7-4668-BE54-9A1E7A4F7556}") = "SeralizeLearning", "SeralizeLearning\SeralizeLearning.csproj", "{437CF183-F411-4FEF-A029-BB0801A37501}"
EndProject
Project("{FAE04EC0-301F-11D3-BF4B-00C04F79EFBC}") = "CustomerException", "CustomerException\CustomerException.csproj", "{036AC04A-3984-4BF8-A9D7-6887885CA268}"
EndProject
Global
	GlobalSection(SolutionConfigurationPlatforms) = preSolution
		Debug|Any CPU = Debug|Any CPU
		Release|Any CPU = Release|Any CPU
	EndGlobalSection
	GlobalSection(ProjectConfigurationPlatforms) = postSolution
		{437CF183-F411-4FEF-A029-BB0801A37501}.Debug|Any CPU.ActiveCfg = Debug|Any CPU
		{437CF183-F411-4FEF-A029-BB0801A37501}.Debug|Any CPU.Build.0 = Debug|Any CPU
		{437CF183-F411-4FEF-A029-BB0801A37501}.Release|Any CPU.ActiveCfg = Release|Any CPU
		{437CF183-F411-4FEF-A029-BB0801A37501}.Release|Any CPU.Build.0 = Release|Any CPU
		{036AC04A-3984-4BF8-A9D7-6887885CA268}.Debug|Any CPU.ActiveCfg = Debug|Any CPU
		{036AC04A-3984-4BF8-A9D7-6887885CA268}.Debug|Any CPU.Build.0 = Debug|Any CPU
		{036AC04A-3984-4BF8-A9D7-6887885CA268}.Release|Any CPU.ActiveCfg = Release|Any CPU
		{036AC04A-3984-4BF8-A9D7-6887885CA268}.Release|Any CPU.Build.0 = Release|Any CPU
	EndGlobalSection
	GlobalSection(SolutionProperties) = preSolution
		HideSolutionNode = FALSE
	EndGlobalSection
	GlobalSection(ExtensibilityGlobals) = postSolution
		SolutionGuid = {8C0475CE-0179-4E93-9076-D912BDF69551}
	EndGlobalSection
EndGlobal
